
Microsoft Visual Studio Solution File, Format Version 12.00
# Visual Studio Version 17
VisualStudioVersion = 17.8.34511.84
MinimumVisualStudioVersion = 10.0.40219.1
Project("{FAE04EC0-301F-11D3-BF4B-00C04F79EFBC}") = "SpotifyApi", "SpotifyApi\SpotifyApi.csproj", "{AB781DC2-6BFD-4F20-A4BA-390D2D50ACF4}"
EndProject
Global
	GlobalSection(SolutionConfigurationPlatforms) = preSolution
		Debug|Any CPU = Debug|Any CPU
		Release|Any CPU = Release|Any CPU
	EndGlobalSection
	GlobalSection(ProjectConfigurationPlatforms) = postSolution
		{AB781DC2-6BFD-4F20-A4BA-390D2D50ACF4}.Debug|Any CPU.ActiveCfg = Debug|Any CPU
		{AB781DC2-6BFD-4F20-A4BA-390D2D50ACF4}.Debug|Any CPU.Build.0 = Debug|Any CPU
		{AB781DC2-6BFD-4F20-A4BA-390D2D50ACF4}.Release|Any CPU.ActiveCfg = Release|Any CPU
		{AB781DC2-6BFD-4F20-A4BA-390D2D50ACF4}.Release|Any CPU.Build.0 = Release|Any CPU
	EndGlobalSection
	GlobalSection(SolutionProperties) = preSolution
		HideSolutionNode = FALSE
	EndGlobalSection
	GlobalSection(ExtensibilityGlobals) = postSolution
		SolutionGuid = {5D467B10-972F-418E-90EF-CEAD53EE908D}
	EndGlobalSection
EndGlobal
